
Microsoft Visual Studio Solution File, Format Version 12.00
# Visual Studio 15
Project("{FAE04EC0-301F-11D3-BF4B-00C04F79EFBC}") = "UnityEngine.UI", "UnityEngine.UI.csproj", "{96E5D291-33D7-08B6-1B30-83417414FA1F}"
EndProject
Project("{FAE04EC0-301F-11D3-BF4B-00C04F79EFBC}") = "UnityEngine.TestRunner", "UnityEngine.TestRunner.csproj", "{36B5619C-5AF9-2CFD-4663-75192983EEBD}"
EndProject
Project("{FAE04EC0-301F-11D3-BF4B-00C04F79EFBC}") = "Unity.VisualScripting.Flow", "Unity.VisualScripting.Flow.csproj", "{4756BDB7-124D-2B5D-DF54-9B79A8D86F57}"
EndProject
Project("{FAE04EC0-301F-11D3-BF4B-00C04F79EFBC}") = "Unity.Services.Core.Telemetry", "Unity.Services.Core.Telemetry.csproj", "{EF288B2C-50B2-AD71-81F1-71789ACFB063}"
EndProject
Project("{FAE04EC0-301F-11D3-BF4B-00C04F79EFBC}") = "Unity.VisualScripting.State", "Unity.VisualScripting.State.csproj", "{1E59D2A9-3C6D-FEBD-DC48-ABBA2A8D4CB0}"
EndProject
Project("{FAE04EC0-301F-11D3-BF4B-00C04F79EFBC}") = "Unity.VisualScripting.Core", "Unity.VisualScripting.Core.csproj", "{C040088D-66EC-B0AA-52DA-6B83ABCC0C7B}"
EndProject
Project("{FAE04EC0-301F-11D3-BF4B-00C04F79EFBC}") = "Unity.Services.Core.Environments.Internal", "Unity.Services.Core.Environments.Internal.csproj", "{7ABFABF6-0EFF-4A96-F0B5-6C41472930F7}"
EndProject
Project("{FAE04EC0-301F-11D3-BF4B-00C04F79EFBC}") = "Unity.TextMeshPro", "Unity.TextMeshPro.csproj", "{4DFE140F-320F-4A2E-7004-D514D36D68FE}"
EndProject
Project("{FAE04EC0-301F-11D3-BF4B-00C04F79EFBC}") = "Unity.Timeline", "Unity.Timeline.csproj", "{424D14E7-E045-5374-C97D-085E7A4527C5}"
EndProject
Project("{FAE04EC0-301F-11D3-BF4B-00C04F79EFBC}") = "Unity.Services.Core", "Unity.Services.Core.csproj", "{AE5CF06E-6DEB-12FF-1AFD-27B0E3F73ECB}"
EndProject
Project("{FAE04EC0-301F-11D3-BF4B-00C04F79EFBC}") = "Assembly-CSharp", "Assembly-CSharp.csproj", "{B228B7A1-AC38-F675-9625-42A8F631D80F}"
EndProject
Project("{FAE04EC0-301F-11D3-BF4B-00C04F79EFBC}") = "Unity.Services.Core.Environments", "Unity.Services.Core.Environments.csproj", "{DA4DFB40-0B7E-FCAD-5092-865F58E825B5}"
EndProject
Project("{FAE04EC0-301F-11D3-BF4B-00C04F79EFBC}") = "Unity.Services.Core.Internal", "Unity.Services.Core.Internal.csproj", "{9CC2D326-84DF-2CD6-25DA-73D5E8CB8392}"
EndProject
Project("{FAE04EC0-301F-11D3-BF4B-00C04F79EFBC}") = "Unity.Services.Core.Analytics", "Unity.Services.Core.Analytics.csproj", "{EA76D2EF-403A-7B38-65CA-39FB8B147971}"
EndProject
Project("{FAE04EC0-301F-11D3-BF4B-00C04F79EFBC}") = "Unity.Services.Core.Scheduler", "Unity.Services.Core.Scheduler.csproj", "{0AFDFCF3-BF87-8454-C471-7E0469E50A57}"
EndProject
Project("{FAE04EC0-301F-11D3-BF4B-00C04F79EFBC}") = "Unity.Services.Core.Registration", "Unity.Services.Core.Registration.csproj", "{CF9155B3-9B02-2EBF-352D-B6DBED9AD82E}"
EndProject
Project("{FAE04EC0-301F-11D3-BF4B-00C04F79EFBC}") = "Unity.Services.Core.Device", "Unity.Services.Core.Device.csproj", "{1DB295FC-AB5B-923F-08A5-6329E4207D78}"
EndProject
Project("{FAE04EC0-301F-11D3-BF4B-00C04F79EFBC}") = "Unity.Services.Core.Threading", "Unity.Services.Core.Threading.csproj", "{48939826-854D-E5EC-C652-948C8BAF36A4}"
EndProject
Project("{FAE04EC0-301F-11D3-BF4B-00C04F79EFBC}") = "Unity.Services.Core.Networking", "Unity.Services.Core.Networking.csproj", "{F2E9261F-736C-607D-E6F7-5AB0BE44F1A3}"
EndProject
Project("{FAE04EC0-301F-11D3-BF4B-00C04F79EFBC}") = "Unity.Services.Core.Configuration", "Unity.Services.Core.Configuration.csproj", "{00C5958C-708B-E370-7541-0BF431C8E4FF}"
EndProject
Project("{FAE04EC0-301F-11D3-BF4B-00C04F79EFBC}") = "Unity.PlasticSCM.Editor", "Unity.PlasticSCM.Editor.csproj", "{8ADE18AD-8068-EDD2-B979-998359620872}"
EndProject
Project("{FAE04EC0-301F-11D3-BF4B-00C04F79EFBC}") = "Unity.VisualScripting.Core.Editor", "Unity.VisualScripting.Core.Editor.csproj", "{490AE35C-5BE9-599C-BF89-D9585ABC780F}"
EndProject
Project("{FAE04EC0-301F-11D3-BF4B-00C04F79EFBC}") = "Unity.VisualScripting.Flow.Editor", "Unity.VisualScripting.Flow.Editor.csproj", "{52474625-2CB5-82A7-AA48-F35C561F55F7}"
EndProject
Project("{FAE04EC0-301F-11D3-BF4B-00C04F79EFBC}") = "Unity.VisualStudio.Editor", "Unity.VisualStudio.Editor.csproj", "{E527F106-310A-86B7-25D4-EA8DF9C326C7}"
EndProject
Project("{FAE04EC0-301F-11D3-BF4B-00C04F79EFBC}") = "Unity.Timeline.Editor", "Unity.Timeline.Editor.csproj", "{4FA34BD1-2F92-891B-E898-A726875F0C4B}"
EndProject
Project("{FAE04EC0-301F-11D3-BF4B-00C04F79EFBC}") = "Unity.VisualScripting.State.Editor", "Unity.VisualScripting.State.Editor.csproj", "{1F0C5719-291E-DA41-55A2-BAF41C8CA8C6}"
EndProject
Project("{FAE04EC0-301F-11D3-BF4B-00C04F79EFBC}") = "Unity.TextMeshPro.Editor", "Unity.TextMeshPro.Editor.csproj", "{673453F7-476F-F4D0-4E56-363157738755}"
EndProject
Project("{FAE04EC0-301F-11D3-BF4B-00C04F79EFBC}") = "Unity.VisualScripting.SettingsProvider.Editor", "Unity.VisualScripting.SettingsProvider.Editor.csproj", "{7B8737A0-8E33-06D8-6061-93BBF3833609}"
EndProject
Project("{FAE04EC0-301F-11D3-BF4B-00C04F79EFBC}") = "Unity.CollabProxy.Editor", "Unity.CollabProxy.Editor.csproj", "{7F4E9B0C-4FE7-9A11-2B83-AA41583E6367}"
EndProject
Project("{FAE04EC0-301F-11D3-BF4B-00C04F79EFBC}") = "UnityEditor.TestRunner", "UnityEditor.TestRunner.csproj", "{4BEBD191-BEFE-B4D9-A8CD-9F999D0E1C3E}"
EndProject
Project("{FAE04EC0-301F-11D3-BF4B-00C04F79EFBC}") = "Unity.Services.Core.Editor", "Unity.Services.Core.Editor.csproj", "{9B152DCA-560A-BB72-82F0-6301AAE94558}"
EndProject
Project("{FAE04EC0-301F-11D3-BF4B-00C04F79EFBC}") = "Unity.TestTools.CodeCoverage.Editor", "Unity.TestTools.CodeCoverage.Editor.csproj", "{83EDF165-0213-8922-60F4-101C6985473C}"
EndProject
Project("{FAE04EC0-301F-11D3-BF4B-00C04F79EFBC}") = "Unity.Rider.Editor", "Unity.Rider.Editor.csproj", "{41B054B6-4A0F-FBBE-F592-45BC2DD49C10}"
EndProject
Project("{FAE04EC0-301F-11D3-BF4B-00C04F79EFBC}") = "Unity.Performance.Profile-Analyzer.Editor", "Unity.Performance.Profile-Analyzer.Editor.csproj", "{1CA24B2D-7366-6C42-5098-F4E013EAB88E}"
EndProject
Project("{FAE04EC0-301F-11D3-BF4B-00C04F79EFBC}") = "Unity.SysrootPackage.Editor", "Unity.SysrootPackage.Editor.csproj", "{57D1B068-9182-C954-A5E5-34E686AB6FF1}"
EndProject
Project("{FAE04EC0-301F-11D3-BF4B-00C04F79EFBC}") = "Unity.VSCode.Editor", "Unity.VSCode.Editor.csproj", "{9D18C5A1-356B-8CF3-49C9-4A5422CB10C4}"
EndProject
Project("{FAE04EC0-301F-11D3-BF4B-00C04F79EFBC}") = "Unity.Toolchain.Win-x86_64-Linux-x86_64", "Unity.Toolchain.Win-x86_64-Linux-x86_64.csproj", "{14F7E948-2A25-44D7-407B-397454362F82}"
EndProject
Project("{FAE04EC0-301F-11D3-BF4B-00C04F79EFBC}") = "UnityEditor.UI", "UnityEditor.UI.csproj", "{7A32BBEA-9C1C-CDD0-69BA-96A00C2DBC31}"
EndProject
Project("{FAE04EC0-301F-11D3-BF4B-00C04F79EFBC}") = "Unity.Settings.Editor", "Unity.Settings.Editor.csproj", "{7C5F06AE-BC9E-4854-5752-FD718F859114}"
EndProject
Project("{FAE04EC0-301F-11D3-BF4B-00C04F79EFBC}") = "Unity.TestTools.CodeCoverage.Editor.OpenCover.Model", "Unity.TestTools.CodeCoverage.Editor.OpenCover.Model.csproj", "{51467DE7-ECCA-A1BF-8DC3-B769EE3D4788}"
EndProject
Project("{FAE04EC0-301F-11D3-BF4B-00C04F79EFBC}") = "Unity.EditorCoroutines.Editor", "Unity.EditorCoroutines.Editor.csproj", "{5FD40106-5363-4F74-6E1F-7E595D373DBF}"
EndProject
Project("{FAE04EC0-301F-11D3-BF4B-00C04F79EFBC}") = "Unity.Services.Core.Configuration.Editor", "Unity.Services.Core.Configuration.Editor.csproj", "{7EFDD0CF-34F3-0D55-5551-E2637027D3DF}"
EndProject
Project("{FAE04EC0-301F-11D3-BF4B-00C04F79EFBC}") = "Unity.TestTools.CodeCoverage.Editor.OpenCover.Mono.Reflection", "Unity.TestTools.CodeCoverage.Editor.OpenCover.Mono.Reflection.csproj", "{43CC16A1-9AB0-988A-0A05-EBEC4C923B7F}"
EndProject
Project("{FAE04EC0-301F-11D3-BF4B-00C04F79EFBC}") = "Unity.Sysroot.Linux_x86_64", "Unity.Sysroot.Linux_x86_64.csproj", "{12F112D0-9320-EE23-1DD2-69AC4DB21EC2}"
EndProject
Project("{FAE04EC0-301F-11D3-BF4B-00C04F79EFBC}") = "Unity.VisualScripting.Shared.Editor", "Unity.VisualScripting.Shared.Editor.csproj", "{B4D29601-5585-0947-DDFF-1B506219FF65}"
EndProject
Project("{FAE04EC0-301F-11D3-BF4B-00C04F79EFBC}") = "Assembly-CSharp-Editor", "Assembly-CSharp-Editor.csproj", "{A80F0D38-23C5-DEB7-514D-1BA2A4F18963}"
EndProject
Global
	GlobalSection(SolutionConfigurationPlatforms) = preSolution
		Debug|Any CPU = Debug|Any CPU
		Release|Any CPU = Release|Any CPU
	EndGlobalSection
	GlobalSection(ProjectConfigurationPlatforms) = postSolution
		{96E5D291-33D7-08B6-1B30-83417414FA1F}.Debug|Any CPU.ActiveCfg = Debug|Any CPU
		{96E5D291-33D7-08B6-1B30-83417414FA1F}.Debug|Any CPU.Build.0 = Debug|Any CPU
		{96E5D291-33D7-08B6-1B30-83417414FA1F}.Release|Any CPU.ActiveCfg = Release|Any CPU
		{96E5D291-33D7-08B6-1B30-83417414FA1F}.Release|Any CPU.Build.0 = Release|Any CPU
		{36B5619C-5AF9-2CFD-4663-75192983EEBD}.Debug|Any CPU.ActiveCfg = Debug|Any CPU
		{36B5619C-5AF9-2CFD-4663-75192983EEBD}.Debug|Any CPU.Build.0 = Debug|Any CPU
		{36B5619C-5AF9-2CFD-4663-75192983EEBD}.Release|Any CPU.ActiveCfg = Release|Any CPU
		{36B5619C-5AF9-2CFD-4663-75192983EEBD}.Release|Any CPU.Build.0 = Release|Any CPU
		{4756BDB7-124D-2B5D-DF54-9B79A8D86F57}.Debug|Any CPU.ActiveCfg = Debug|Any CPU
		{4756BDB7-124D-2B5D-DF54-9B79A8D86F57}.Debug|Any CPU.Build.0 = Debug|Any CPU
		{4756BDB7-124D-2B5D-DF54-9B79A8D86F57}.Release|Any CPU.ActiveCfg = Release|Any CPU
		{4756BDB7-124D-2B5D-DF54-9B79A8D86F57}.Release|Any CPU.Build.0 = Release|Any CPU
		{EF288B2C-50B2-AD71-81F1-71789ACFB063}.Debug|Any CPU.ActiveCfg = Debug|Any CPU
		{EF288B2C-50B2-AD71-81F1-71789ACFB063}.Debug|Any CPU.Build.0 = Debug|Any CPU
		{EF288B2C-50B2-AD71-81F1-71789ACFB063}.Release|Any CPU.ActiveCfg = Release|Any CPU
		{EF288B2C-50B2-AD71-81F1-71789ACFB063}.Release|Any CPU.Build.0 = Release|Any CPU
		{1E59D2A9-3C6D-FEBD-DC48-ABBA2A8D4CB0}.Debug|Any CPU.ActiveCfg = Debug|Any CPU
		{1E59D2A9-3C6D-FEBD-DC48-ABBA2A8D4CB0}.Debug|Any CPU.Build.0 = Debug|Any CPU
		{1E59D2A9-3C6D-FEBD-DC48-ABBA2A8D4CB0}.Release|Any CPU.ActiveCfg = Release|Any CPU
		{1E59D2A9-3C6D-FEBD-DC48-ABBA2A8D4CB0}.Release|Any CPU.Build.0 = Release|Any CPU
		{C040088D-66EC-B0AA-52DA-6B83ABCC0C7B}.Debug|Any CPU.ActiveCfg = Debug|Any CPU
		{C040088D-66EC-B0AA-52DA-6B83ABCC0C7B}.Debug|Any CPU.Build.0 = Debug|Any CPU
		{C040088D-66EC-B0AA-52DA-6B83ABCC0C7B}.Release|Any CPU.ActiveCfg = Release|Any CPU
		{C040088D-66EC-B0AA-52DA-6B83ABCC0C7B}.Release|Any CPU.Build.0 = Release|Any CPU
		{7ABFABF6-0EFF-4A96-F0B5-6C41472930F7}.Debug|Any CPU.ActiveCfg = Debug|Any CPU
		{7ABFABF6-0EFF-4A96-F0B5-6C41472930F7}.Debug|Any CPU.Build.0 = Debug|Any CPU
		{7ABFABF6-0EFF-4A96-F0B5-6C41472930F7}.Release|Any CPU.ActiveCfg = Release|Any CPU
		{7ABFABF6-0EFF-4A96-F0B5-6C41472930F7}.Release|Any CPU.Build.0 = Release|Any CPU
		{4DFE140F-320F-4A2E-7004-D514D36D68FE}.Debug|Any CPU.ActiveCfg = Debug|Any CPU
		{4DFE140F-320F-4A2E-7004-D514D36D68FE}.Debug|Any CPU.Build.0 = Debug|Any CPU
		{4DFE140F-320F-4A2E-7004-D514D36D68FE}.Release|Any CPU.ActiveCfg = Release|Any CPU
		{4DFE140F-320F-4A2E-7004-D514D36D68FE}.Release|Any CPU.Build.0 = Release|Any CPU
		{424D14E7-E045-5374-C97D-085E7A4527C5}.Debug|Any CPU.ActiveCfg = Debug|Any CPU
		{424D14E7-E045-5374-C97D-085E7A4527C5}.Debug|Any CPU.Build.0 = Debug|Any CPU
		{424D14E7-E045-5374-C97D-085E7A4527C5}.Release|Any CPU.ActiveCfg = Release|Any CPU
		{424D14E7-E045-5374-C97D-085E7A4527C5}.Release|Any CPU.Build.0 = Release|Any CPU
		{AE5CF06E-6DEB-12FF-1AFD-27B0E3F73ECB}.Debug|Any CPU.ActiveCfg = Debug|Any CPU
		{AE5CF06E-6DEB-12FF-1AFD-27B0E3F73ECB}.Debug|Any CPU.Build.0 = Debug|Any CPU
		{AE5CF06E-6DEB-12FF-1AFD-27B0E3F73ECB}.Release|Any CPU.ActiveCfg = Release|Any CPU
		{AE5CF06E-6DEB-12FF-1AFD-27B0E3F73ECB}.Release|Any CPU.Build.0 = Release|Any CPU
		{B228B7A1-AC38-F675-9625-42A8F631D80F}.Debug|Any CPU.ActiveCfg = Debug|Any CPU
		{B228B7A1-AC38-F675-9625-42A8F631D80F}.Debug|Any CPU.Build.0 = Debug|Any CPU
		{B228B7A1-AC38-F675-9625-42A8F631D80F}.Release|Any CPU.ActiveCfg = Release|Any CPU
		{B228B7A1-AC38-F675-9625-42A8F631D80F}.Release|Any CPU.Build.0 = Release|Any CPU
		{DA4DFB40-0B7E-FCAD-5092-865F58E825B5}.Debug|Any CPU.ActiveCfg = Debug|Any CPU
		{DA4DFB40-0B7E-FCAD-5092-865F58E825B5}.Debug|Any CPU.Build.0 = Debug|Any CPU
		{DA4DFB40-0B7E-FCAD-5092-865F58E825B5}.Release|Any CPU.ActiveCfg = Release|Any CPU
		{DA4DFB40-0B7E-FCAD-5092-865F58E825B5}.Release|Any CPU.Build.0 = Release|Any CPU
		{9CC2D326-84DF-2CD6-25DA-73D5E8CB8392}.Debug|Any CPU.ActiveCfg = Debug|Any CPU
		{9CC2D326-84DF-2CD6-25DA-73D5E8CB8392}.Debug|Any CPU.Build.0 = Debug|Any CPU
		{9CC2D326-84DF-2CD6-25DA-73D5E8CB8392}.Release|Any CPU.ActiveCfg = Release|Any CPU
		{9CC2D326-84DF-2CD6-25DA-73D5E8CB8392}.Release|Any CPU.Build.0 = Release|Any CPU
		{EA76D2EF-403A-7B38-65CA-39FB8B147971}.Debug|Any CPU.ActiveCfg = Debug|Any CPU
		{EA76D2EF-403A-7B38-65CA-39FB8B147971}.Debug|Any CPU.Build.0 = Debug|Any CPU
		{EA76D2EF-403A-7B38-65CA-39FB8B147971}.Release|Any CPU.ActiveCfg = Release|Any CPU
		{EA76D2EF-403A-7B38-65CA-39FB8B147971}.Release|Any CPU.Build.0 = Release|Any CPU
		{0AFDFCF3-BF87-8454-C471-7E0469E50A57}.Debug|Any CPU.ActiveCfg = Debug|Any CPU
		{0AFDFCF3-BF87-8454-C471-7E0469E50A57}.Debug|Any CPU.Build.0 = Debug|Any CPU
		{0AFDFCF3-BF87-8454-C471-7E0469E50A57}.Release|Any CPU.ActiveCfg = Release|Any CPU
		{0AFDFCF3-BF87-8454-C471-7E0469E50A57}.Release|Any CPU.Build.0 = Release|Any CPU
		{CF9155B3-9B02-2EBF-352D-B6DBED9AD82E}.Debug|Any CPU.ActiveCfg = Debug|Any CPU
		{CF9155B3-9B02-2EBF-352D-B6DBED9AD82E}.Debug|Any CPU.Build.0 = Debug|Any CPU
		{CF9155B3-9B02-2EBF-352D-B6DBED9AD82E}.Release|Any CPU.ActiveCfg = Release|Any CPU
		{CF9155B3-9B02-2EBF-352D-B6DBED9AD82E}.Release|Any CPU.Build.0 = Release|Any CPU
		{1DB295FC-AB5B-923F-08A5-6329E4207D78}.Debug|Any CPU.ActiveCfg = Debug|Any CPU
		{1DB295FC-AB5B-923F-08A5-6329E4207D78}.Debug|Any CPU.Build.0 = Debug|Any CPU
		{1DB295FC-AB5B-923F-08A5-6329E4207D78}.Release|Any CPU.ActiveCfg = Release|Any CPU
		{1DB295FC-AB5B-923F-08A5-6329E4207D78}.Release|Any CPU.Build.0 = Release|Any CPU
		{48939826-854D-E5EC-C652-948C8BAF36A4}.Debug|Any CPU.ActiveCfg = Debug|Any CPU
		{48939826-854D-E5EC-C652-948C8BAF36A4}.Debug|Any CPU.Build.0 = Debug|Any CPU
		{48939826-854D-E5EC-C652-948C8BAF36A4}.Release|Any CPU.ActiveCfg = Release|Any CPU
		{48939826-854D-E5EC-C652-948C8BAF36A4}.Release|Any CPU.Build.0 = Release|Any CPU
		{F2E9261F-736C-607D-E6F7-5AB0BE44F1A3}.Debug|Any CPU.ActiveCfg = Debug|Any CPU
		{F2E9261F-736C-607D-E6F7-5AB0BE44F1A3}.Debug|Any CPU.Build.0 = Debug|Any CPU
		{F2E9261F-736C-607D-E6F7-5AB0BE44F1A3}.Release|Any CPU.ActiveCfg = Release|Any CPU
		{F2E9261F-736C-607D-E6F7-5AB0BE44F1A3}.Release|Any CPU.Build.0 = Release|Any CPU
		{00C5958C-708B-E370-7541-0BF431C8E4FF}.Debug|Any CPU.ActiveCfg = Debug|Any CPU
		{00C5958C-708B-E370-7541-0BF431C8E4FF}.Debug|Any CPU.Build.0 = Debug|Any CPU
		{00C5958C-708B-E370-7541-0BF431C8E4FF}.Release|Any CPU.ActiveCfg = Release|Any CPU
		{00C5958C-708B-E370-7541-0BF431C8E4FF}.Release|Any CPU.Build.0 = Release|Any CPU
		{8ADE18AD-8068-EDD2-B979-998359620872}.Debug|Any CPU.ActiveCfg = Debug|Any CPU
		{8ADE18AD-8068-EDD2-B979-998359620872}.Debug|Any CPU.Build.0 = Debug|Any CPU
		{8ADE18AD-8068-EDD2-B979-998359620872}.Release|Any CPU.ActiveCfg = Release|Any CPU
		{8ADE18AD-8068-EDD2-B979-998359620872}.Release|Any CPU.Build.0 = Release|Any CPU
		{490AE35C-5BE9-599C-BF89-D9585ABC780F}.Debug|Any CPU.ActiveCfg = Debug|Any CPU
		{490AE35C-5BE9-599C-BF89-D9585ABC780F}.Debug|Any CPU.Build.0 = Debug|Any CPU
		{490AE35C-5BE9-599C-BF89-D9585ABC780F}.Release|Any CPU.ActiveCfg = Release|Any CPU
		{490AE35C-5BE9-599C-BF89-D9585ABC780F}.Release|Any CPU.Build.0 = Release|Any CPU
		{52474625-2CB5-82A7-AA48-F35C561F55F7}.Debug|Any CPU.ActiveCfg = Debug|Any CPU
		{52474625-2CB5-82A7-AA48-F35C561F55F7}.Debug|Any CPU.Build.0 = Debug|Any CPU
		{52474625-2CB5-82A7-AA48-F35C561F55F7}.Release|Any CPU.ActiveCfg = Release|Any CPU
		{52474625-2CB5-82A7-AA48-F35C561F55F7}.Release|Any CPU.Build.0 = Release|Any CPU
		{E527F106-310A-86B7-25D4-EA8DF9C326C7}.Debug|Any CPU.ActiveCfg = Debug|Any CPU
		{E527F106-310A-86B7-25D4-EA8DF9C326C7}.Debug|Any CPU.Build.0 = Debug|Any CPU
		{E527F106-310A-86B7-25D4-EA8DF9C326C7}.Release|Any CPU.ActiveCfg = Release|Any CPU
		{E527F106-310A-86B7-25D4-EA8DF9C326C7}.Release|Any CPU.Build.0 = Release|Any CPU
		{4FA34BD1-2F92-891B-E898-A726875F0C4B}.Debug|Any CPU.ActiveCfg = Debug|Any CPU
		{4FA34BD1-2F92-891B-E898-A726875F0C4B}.Debug|Any CPU.Build.0 = Debug|Any CPU
		{4FA34BD1-2F92-891B-E898-A726875F0C4B}.Release|Any CPU.ActiveCfg = Release|Any CPU
		{4FA34BD1-2F92-891B-E898-A726875F0C4B}.Release|Any CPU.Build.0 = Release|Any CPU
		{1F0C5719-291E-DA41-55A2-BAF41C8CA8C6}.Debug|Any CPU.ActiveCfg = Debug|Any CPU
		{1F0C5719-291E-DA41-55A2-BAF41C8CA8C6}.Debug|Any CPU.Build.0 = Debug|Any CPU
		{1F0C5719-291E-DA41-55A2-BAF41C8CA8C6}.Release|Any CPU.ActiveCfg = Release|Any CPU
		{1F0C5719-291E-DA41-55A2-BAF41C8CA8C6}.Release|Any CPU.Build.0 = Release|Any CPU
		{673453F7-476F-F4D0-4E56-363157738755}.Debug|Any CPU.ActiveCfg = Debug|Any CPU
		{673453F7-476F-F4D0-4E56-363157738755}.Debug|Any CPU.Build.0 = Debug|Any CPU
		{673453F7-476F-F4D0-4E56-363157738755}.Release|Any CPU.ActiveCfg = Release|Any CPU
		{673453F7-476F-F4D0-4E56-363157738755}.Release|Any CPU.Build.0 = Release|Any CPU
		{7B8737A0-8E33-06D8-6061-93BBF3833609}.Debug|Any CPU.ActiveCfg = Debug|Any CPU
		{7B8737A0-8E33-06D8-6061-93BBF3833609}.Debug|Any CPU.Build.0 = Debug|Any CPU
		{7B8737A0-8E33-06D8-6061-93BBF3833609}.Release|Any CPU.ActiveCfg = Release|Any CPU
		{7B8737A0-8E33-06D8-6061-93BBF3833609}.Release|Any CPU.Build.0 = Release|Any CPU
		{7F4E9B0C-4FE7-9A11-2B83-AA41583E6367}.Debug|Any CPU.ActiveCfg = Debug|Any CPU
		{7F4E9B0C-4FE7-9A11-2B83-AA41583E6367}.Debug|Any CPU.Build.0 = Debug|Any CPU
		{7F4E9B0C-4FE7-9A11-2B83-AA41583E6367}.Release|Any CPU.ActiveCfg = Release|Any CPU
		{7F4E9B0C-4FE7-9A11-2B83-AA41583E6367}.Release|Any CPU.Build.0 = Release|Any CPU
		{4BEBD191-BEFE-B4D9-A8CD-9F999D0E1C3E}.Debug|Any CPU.ActiveCfg = Debug|Any CPU
		{4BEBD191-BEFE-B4D9-A8CD-9F999D0E1C3E}.Debug|Any CPU.Build.0 = Debug|Any CPU
		{4BEBD191-BEFE-B4D9-A8CD-9F999D0E1C3E}.Release|Any CPU.ActiveCfg = Release|Any CPU
		{4BEBD191-BEFE-B4D9-A8CD-9F999D0E1C3E}.Release|Any CPU.Build.0 = Release|Any CPU
		{9B152DCA-560A-BB72-82F0-6301AAE94558}.Debug|Any CPU.ActiveCfg = Debug|Any CPU
		{9B152DCA-560A-BB72-82F0-6301AAE94558}.Debug|Any CPU.Build.0 = Debug|Any CPU
		{9B152DCA-560A-BB72-82F0-6301AAE94558}.Release|Any CPU.ActiveCfg = Release|Any CPU
		{9B152DCA-560A-BB72-82F0-6301AAE94558}.Release|Any CPU.Build.0 = Release|Any CPU
		{83EDF165-0213-8922-60F4-101C6985473C}.Debug|Any CPU.ActiveCfg = Debug|Any CPU
		{83EDF165-0213-8922-60F4-101C6985473C}.Debug|Any CPU.Build.0 = Debug|Any CPU
		{83EDF165-0213-8922-60F4-101C6985473C}.Release|Any CPU.ActiveCfg = Release|Any CPU
		{83EDF165-0213-8922-60F4-101C6985473C}.Release|Any CPU.Build.0 = Release|Any CPU
		{41B054B6-4A0F-FBBE-F592-45BC2DD49C10}.Debug|Any CPU.ActiveCfg = Debug|Any CPU
		{41B054B6-4A0F-FBBE-F592-45BC2DD49C10}.Debug|Any CPU.Build.0 = Debug|Any CPU
		{41B054B6-4A0F-FBBE-F592-45BC2DD49C10}.Release|Any CPU.ActiveCfg = Release|Any CPU
		{41B054B6-4A0F-FBBE-F592-45BC2DD49C10}.Release|Any CPU.Build.0 = Release|Any CPU
		{1CA24B2D-7366-6C42-5098-F4E013EAB88E}.Debug|Any CPU.ActiveCfg = Debug|Any CPU
		{1CA24B2D-7366-6C42-5098-F4E013EAB88E}.Debug|Any CPU.Build.0 = Debug|Any CPU
		{1CA24B2D-7366-6C42-5098-F4E013EAB88E}.Release|Any CPU.ActiveCfg = Release|Any CPU
		{1CA24B2D-7366-6C42-5098-F4E013EAB88E}.Release|Any CPU.Build.0 = Release|Any CPU
		{57D1B068-9182-C954-A5E5-34E686AB6FF1}.Debug|Any CPU.ActiveCfg = Debug|Any CPU
		{57D1B068-9182-C954-A5E5-34E686AB6FF1}.Debug|Any CPU.Build.0 = Debug|Any CPU
		{57D1B068-9182-C954-A5E5-34E686AB6FF1}.Release|Any CPU.ActiveCfg = Release|Any CPU
		{57D1B068-9182-C954-A5E5-34E686AB6FF1}.Release|Any CPU.Build.0 = Release|Any CPU
		{9D18C5A1-356B-8CF3-49C9-4A5422CB10C4}.Debug|Any CPU.ActiveCfg = Debug|Any CPU
		{9D18C5A1-356B-8CF3-49C9-4A5422CB10C4}.Debug|Any CPU.Build.0 = Debug|Any CPU
		{9D18C5A1-356B-8CF3-49C9-4A5422CB10C4}.Release|Any CPU.ActiveCfg = Release|Any CPU
		{9D18C5A1-356B-8CF3-49C9-4A5422CB10C4}.Release|Any CPU.Build.0 = Release|Any CPU
		{14F7E948-2A25-44D7-407B-397454362F82}.Debug|Any CPU.ActiveCfg = Debug|Any CPU
		{14F7E948-2A25-44D7-407B-397454362F82}.Debug|Any CPU.Build.0 = Debug|Any CPU
		{14F7E948-2A25-44D7-407B-397454362F82}.Release|Any CPU.ActiveCfg = Release|Any CPU
		{14F7E948-2A25-44D7-407B-397454362F82}.Release|Any CPU.Build.0 = Release|Any CPU
		{7A32BBEA-9C1C-CDD0-69BA-96A00C2DBC31}.Debug|Any CPU.ActiveCfg = Debug|Any CPU
		{7A32BBEA-9C1C-CDD0-69BA-96A00C2DBC31}.Debug|Any CPU.Build.0 = Debug|Any CPU
		{7A32BBEA-9C1C-CDD0-69BA-96A00C2DBC31}.Release|Any CPU.ActiveCfg = Release|Any CPU
		{7A32BBEA-9C1C-CDD0-69BA-96A00C2DBC31}.Release|Any CPU.Build.0 = Release|Any CPU
		{7C5F06AE-BC9E-4854-5752-FD718F859114}.Debug|Any CPU.ActiveCfg = Debug|Any CPU
		{7C5F06AE-BC9E-4854-5752-FD718F859114}.Debug|Any CPU.Build.0 = Debug|Any CPU
		{7C5F06AE-BC9E-4854-5752-FD718F859114}.Release|Any CPU.ActiveCfg = Release|Any CPU
		{7C5F06AE-BC9E-4854-5752-FD718F859114}.Release|Any CPU.Build.0 = Release|Any CPU
		{51467DE7-ECCA-A1BF-8DC3-B769EE3D4788}.Debug|Any CPU.ActiveCfg = Debug|Any CPU
		{51467DE7-ECCA-A1BF-8DC3-B769EE3D4788}.Debug|Any CPU.Build.0 = Debug|Any CPU
		{51467DE7-ECCA-A1BF-8DC3-B769EE3D4788}.Release|Any CPU.ActiveCfg = Release|Any CPU
		{51467DE7-ECCA-A1BF-8DC3-B769EE3D4788}.Release|Any CPU.Build.0 = Release|Any CPU
		{5FD40106-5363-4F74-6E1F-7E595D373DBF}.Debug|Any CPU.ActiveCfg = Debug|Any CPU
		{5FD40106-5363-4F74-6E1F-7E595D373DBF}.Debug|Any CPU.Build.0 = Debug|Any CPU
		{5FD40106-5363-4F74-6E1F-7E595D373DBF}.Release|Any CPU.ActiveCfg = Release|Any CPU
		{5FD40106-5363-4F74-6E1F-7E595D373DBF}.Release|Any CPU.Build.0 = Release|Any CPU
		{7EFDD0CF-34F3-0D55-5551-E2637027D3DF}.Debug|Any CPU.ActiveCfg = Debug|Any CPU
		{7EFDD0CF-34F3-0D55-5551-E2637027D3DF}.Debug|Any CPU.Build.0 = Debug|Any CPU
		{7EFDD0CF-34F3-0D55-5551-E2637027D3DF}.Release|Any CPU.ActiveCfg = Release|Any CPU
		{7EFDD0CF-34F3-0D55-5551-E2637027D3DF}.Release|Any CPU.Build.0 = Release|Any CPU
		{43CC16A1-9AB0-988A-0A05-EBEC4C923B7F}.Debug|Any CPU.ActiveCfg = Debug|Any CPU
		{43CC16A1-9AB0-988A-0A05-EBEC4C923B7F}.Debug|Any CPU.Build.0 = Debug|Any CPU
		{43CC16A1-9AB0-988A-0A05-EBEC4C923B7F}.Release|Any CPU.ActiveCfg = Release|Any CPU
		{43CC16A1-9AB0-988A-0A05-EBEC4C923B7F}.Release|Any CPU.Build.0 = Release|Any CPU
		{12F112D0-9320-EE23-1DD2-69AC4DB21EC2}.Debug|Any CPU.ActiveCfg = Debug|Any CPU
		{12F112D0-9320-EE23-1DD2-69AC4DB21EC2}.Debug|Any CPU.Build.0 = Debug|Any CPU
		{12F112D0-9320-EE23-1DD2-69AC4DB21EC2}.Release|Any CPU.ActiveCfg = Release|Any CPU
		{12F112D0-9320-EE23-1DD2-69AC4DB21EC2}.Release|Any CPU.Build.0 = Release|Any CPU
		{B4D29601-5585-0947-DDFF-1B506219FF65}.Debug|Any CPU.ActiveCfg = Debug|Any CPU
		{B4D29601-5585-0947-DDFF-1B506219FF65}.Debug|Any CPU.Build.0 = Debug|Any CPU
		{B4D29601-5585-0947-DDFF-1B506219FF65}.Release|Any CPU.ActiveCfg = Release|Any CPU
		{B4D29601-5585-0947-DDFF-1B506219FF65}.Release|Any CPU.Build.0 = Release|Any CPU
		{A80F0D38-23C5-DEB7-514D-1BA2A4F18963}.Debug|Any CPU.ActiveCfg = Debug|Any CPU
		{A80F0D38-23C5-DEB7-514D-1BA2A4F18963}.Debug|Any CPU.Build.0 = Debug|Any CPU
		{A80F0D38-23C5-DEB7-514D-1BA2A4F18963}.Release|Any CPU.ActiveCfg = Release|Any CPU
		{A80F0D38-23C5-DEB7-514D-1BA2A4F18963}.Release|Any CPU.Build.0 = Release|Any CPU
	EndGlobalSection
	GlobalSection(SolutionProperties) = preSolution
		HideSolutionNode = FALSE
	EndGlobalSection
EndGlobal
